// !$*UTF8*$!
{
	archiveVersion = 1;
	classes = {
	};
	objectVersion = 56;
	objects = {

/* Begin PBXBuildFile section */
		7E5E87AB295DBFA700627FFF /* CombineAuthApp.swift in Sources */ = {isa = PBXBuildFile; fileRef = 7E5E87AA295DBFA700627FFF /* CombineAuthApp.swift */; };
		7E5E87AD295DBFA700627FFF /* ContentView.swift in Sources */ = {isa = PBXBuildFile; fileRef = 7E5E87AC295DBFA700627FFF /* ContentView.swift */; };
		7E5E87AF295DBFA800627FFF /* Assets.xcassets in Resources */ = {isa = PBXBuildFile; fileRef = 7E5E87AE295DBFA800627FFF /* Assets.xcassets */; };
		7E5E87B2295DBFA800627FFF /* Preview Assets.xcassets in Resources */ = {isa = PBXBuildFile; fileRef = 7E5E87B1295DBFA800627FFF /* Preview Assets.xcassets */; };
		7E5E87B9295DC07700627FFF /* Color.swift in Sources */ = {isa = PBXBuildFile; fileRef = 7E5E87B8295DC07700627FFF /* Color.swift */; };
		7E5E87BD295DC51700627FFF /* TextFieldStyle.swift in Sources */ = {isa = PBXBuildFile; fileRef = 7E5E87BC295DC51700627FFF /* TextFieldStyle.swift */; };
		7E5E87BF295DC85400627FFF /* ViewModel.swift in Sources */ = {isa = PBXBuildFile; fileRef = 7E5E87BE295DC85400627FFF /* ViewModel.swift */; };
		7E5E87C1295DCC7900627FFF /* AnimatedGradient.swift in Sources */ = {isa = PBXBuildFile; fileRef = 7E5E87C0295DCC7900627FFF /* AnimatedGradient.swift */; };
		7E5E87C3295DE77A00627FFF /* Regex.swift in Sources */ = {isa = PBXBuildFile; fileRef = 7E5E87C2295DE77A00627FFF /* Regex.swift */; };
		7E5E87C5295DEDB600627FFF /* CustomTextField.swift in Sources */ = {isa = PBXBuildFile; fileRef = 7E5E87C4295DEDB600627FFF /* CustomTextField.swift */; };
		7E5E87C7295DFE8400627FFF /* String.swift in Sources */ = {isa = PBXBuildFile; fileRef = 7E5E87C6295DFE8400627FFF /* String.swift */; };
/* End PBXBuildFile section */

/* Begin PBXFileReference section */
		7E5E87A7295DBFA700627FFF /* CombineAuth.app */ = {isa = PBXFileReference; explicitFileType = wrapper.application; includeInIndex = 0; path = CombineAuth.app; sourceTree = BUILT_PRODUCTS_DIR; };
		7E5E87AA295DBFA700627FFF /* CombineAuthApp.swift */ = {isa = PBXFileReference; lastKnownFileType = sourcecode.swift; path = CombineAuthApp.swift; sourceTree = "<group>"; };
		7E5E87AC295DBFA700627FFF /* ContentView.swift */ = {isa = PBXFileReference; lastKnownFileType = sourcecode.swift; path = ContentView.swift; sourceTree = "<group>"; };
		7E5E87AE295DBFA800627FFF /* Assets.xcassets */ = {isa = PBXFileReference; lastKnownFileType = folder.assetcatalog; path = Assets.xcassets; sourceTree = "<group>"; };
		7E5E87B1295DBFA800627FFF /* Preview Assets.xcassets */ = {isa = PBXFileReference; lastKnownFileType = folder.assetcatalog; path = "Preview Assets.xcassets"; sourceTree = "<group>"; };
		7E5E87B8295DC07700627FFF /* Color.swift */ = {isa = PBXFileReference; lastKnownFileType = sourcecode.swift; path = Color.swift; sourceTree = "<group>"; };
		7E5E87BC295DC51700627FFF /* TextFieldStyle.swift */ = {isa = PBXFileReference; lastKnownFileType = sourcecode.swift; path = TextFieldStyle.swift; sourceTree = "<group>"; };
		7E5E87BE295DC85400627FFF /* ViewModel.swift */ = {isa = PBXFileReference; lastKnownFileType = sourcecode.swift; path = ViewModel.swift; sourceTree = "<group>"; };
		7E5E87C0295DCC7900627FFF /* AnimatedGradient.swift */ = {isa = PBXFileReference; lastKnownFileType = sourcecode.swift; path = AnimatedGradient.swift; sourceTree = "<group>"; };
		7E5E87C2295DE77A00627FFF /* Regex.swift */ = {isa = PBXFileReference; lastKnownFileType = sourcecode.swift; path = Regex.swift; sourceTree = "<group>"; };
		7E5E87C4295DEDB600627FFF /* CustomTextField.swift */ = {isa = PBXFileReference; lastKnownFileType = sourcecode.swift; path = CustomTextField.swift; sourceTree = "<group>"; };
		7E5E87C6295DFE8400627FFF /* String.swift */ = {isa = PBXFileReference; lastKnownFileType = sourcecode.swift; path = String.swift; sourceTree = "<group>"; };
/* End PBXFileReference section */

/* Begin PBXFrameworksBuildPhase section */
		7E5E87A4295DBFA700627FFF /* Frameworks */ = {
			isa = PBXFrameworksBuildPhase;
			buildActionMask = 2147483647;
			files = (
			);
			runOnlyForDeploymentPostprocessing = 0;
		};
/* End PBXFrameworksBuildPhase section */

/* Begin PBXGroup section */
		7E5E879E295DBFA700627FFF = {
			isa = PBXGroup;
			children = (
				7E5E87A9295DBFA700627FFF /* CombineAuth */,
				7E5E87A8295DBFA700627FFF /* Products */,
			);
			sourceTree = "<group>";
		};
		7E5E87A8295DBFA700627FFF /* Products */ = {
			isa = PBXGroup;
			children = (
				7E5E87A7295DBFA700627FFF /* CombineAuth.app */,
			);
			name = Products;
			sourceTree = "<group>";
		};
		7E5E87A9295DBFA700627FFF /* CombineAuth */ = {
			isa = PBXGroup;
			children = (
				7E5E87AA295DBFA700627FFF /* CombineAuthApp.swift */,
				7E5E87AC295DBFA700627FFF /* ContentView.swift */,
				7E5E87BE295DC85400627FFF /* ViewModel.swift */,
				7E5E87CB295E012100627FFF /* CommonUI */,
				7E5E87C9295E010800627FFF /* Enum */,
				7E5E87C8295E00D300627FFF /* Extensions */,
				7E5E87AE295DBFA800627FFF /* Assets.xcassets */,
				7E5E87B0295DBFA800627FFF /* Preview Content */,
			);
			path = CombineAuth;
			sourceTree = "<group>";
		};
		7E5E87B0295DBFA800627FFF /* Preview Content */ = {
			isa = PBXGroup;
			children = (
				7E5E87B1295DBFA800627FFF /* Preview Assets.xcassets */,
			);
			path = "Preview Content";
			sourceTree = "<group>";
		};
		7E5E87C8295E00D300627FFF /* Extensions */ = {
			isa = PBXGroup;
			children = (
				7E5E87B8295DC07700627FFF /* Color.swift */,
				7E5E87C6295DFE8400627FFF /* String.swift */,
			);
			name = Extensions;
			sourceTree = "<group>";
		};
		7E5E87C9295E010800627FFF /* Enum */ = {
			isa = PBXGroup;
			children = (
				7E5E87C2295DE77A00627FFF /* Regex.swift */,
			);
			path = Enum;
			sourceTree = "<group>";
		};
		7E5E87CA295E011600627FFF /* Styles */ = {
			isa = PBXGroup;
			children = (
				7E5E87BC295DC51700627FFF /* TextFieldStyle.swift */,
			);
			path = Styles;
			sourceTree = "<group>";
		};
		7E5E87CB295E012100627FFF /* CommonUI */ = {
			isa = PBXGroup;
			children = (
				7E5E87C0295DCC7900627FFF /* AnimatedGradient.swift */,
				7E5E87C4295DEDB600627FFF /* CustomTextField.swift */,
				7E5E87CA295E011600627FFF /* Styles */,
			);
			path = CommonUI;
			sourceTree = "<group>";
		};
/* End PBXGroup section */

/* Begin PBXNativeTarget section */
		7E5E87A6295DBFA700627FFF /* CombineAuth */ = {
			isa = PBXNativeTarget;
			buildConfigurationList = 7E5E87B5295DBFA800627FFF /* Build configuration list for PBXNativeTarget "CombineAuth" */;
			buildPhases = (
				7E5E87A3295DBFA700627FFF /* Sources */,
				7E5E87A4295DBFA700627FFF /* Frameworks */,
				7E5E87A5295DBFA700627FFF /* Resources */,
			);
			buildRules = (
			);
			dependencies = (
			);
			name = CombineAuth;
			productName = CombineAuth;
			productReference = 7E5E87A7295DBFA700627FFF /* CombineAuth.app */;
			productType = "com.apple.product-type.application";
		};
/* End PBXNativeTarget section */

/* Begin PBXProject section */
		7E5E879F295DBFA700627FFF /* Project object */ = {
			isa = PBXProject;
			attributes = {
				BuildIndependentTargetsInParallel = 1;
				LastSwiftUpdateCheck = 1410;
				LastUpgradeCheck = 1410;
				TargetAttributes = {
					7E5E87A6295DBFA700627FFF = {
						CreatedOnToolsVersion = 14.1;
					};
				};
			};
			buildConfigurationList = 7E5E87A2295DBFA700627FFF /* Build configuration list for PBXProject "CombineAuth" */;
			compatibilityVersion = "Xcode 14.0";
			developmentRegion = en;
			hasScannedForEncodings = 0;
			knownRegions = (
				en,
				Base,
			);
			mainGroup = 7E5E879E295DBFA700627FFF;
			productRefGroup = 7E5E87A8295DBFA700627FFF /* Products */;
			projectDirPath = "";
			projectRoot = "";
			targets = (
				7E5E87A6295DBFA700627FFF /* CombineAuth */,
			);
		};
/* End PBXProject section */

/* Begin PBXResourcesBuildPhase section */
		7E5E87A5295DBFA700627FFF /* Resources */ = {
			isa = PBXResourcesBuildPhase;
			buildActionMask = 2147483647;
			files = (
				7E5E87B2295DBFA800627FFF /* Preview Assets.xcassets in Resources */,
				7E5E87AF295DBFA800627FFF /* Assets.xcassets in Resources */,
			);
			runOnlyForDeploymentPostprocessing = 0;
		};
/* End PBXResourcesBuildPhase section */

/* Begin PBXSourcesBuildPhase section */
		7E5E87A3295DBFA700627FFF /* Sources */ = {
			isa = PBXSourcesBuildPhase;
			buildActionMask = 2147483647;
			files = (
				7E5E87C1295DCC7900627FFF /* AnimatedGradient.swift in Sources */,
				7E5E87BF295DC85400627FFF /* ViewModel.swift in Sources */,
				7E5E87AD295DBFA700627FFF /* ContentView.swift in Sources */,
				7E5E87C7295DFE8400627FFF /* String.swift in Sources */,
				7E5E87C3295DE77A00627FFF /* Regex.swift in Sources */,
				7E5E87C5295DEDB600627FFF /* CustomTextField.swift in Sources */,
				7E5E87BD295DC51700627FFF /* TextFieldStyle.swift in Sources */,
				7E5E87AB295DBFA700627FFF /* CombineAuthApp.swift in Sources */,
				7E5E87B9295DC07700627FFF /* Color.swift in Sources */,
			);
			runOnlyForDeploymentPostprocessing = 0;
		};
/* End PBXSourcesBuildPhase section */

/* Begin XCBuildConfiguration section */
		7E5E87B3295DBFA800627FFF /* Debug */ = {
			isa = XCBuildConfiguration;
			buildSettings = {
				ALWAYS_SEARCH_USER_PATHS = NO;
				CLANG_ANALYZER_NONNULL = YES;
				CLANG_ANALYZER_NUMBER_OBJECT_CONVERSION = YES_AGGRESSIVE;
				CLANG_CXX_LANGUAGE_STANDARD = "gnu++20";
				CLANG_ENABLE_MODULES = YES;
				CLANG_ENABLE_OBJC_ARC = YES;
				CLANG_ENABLE_OBJC_WEAK = YES;
				CLANG_WARN_BLOCK_CAPTURE_AUTORELEASING = YES;
				CLANG_WARN_BOOL_CONVERSION = YES;
				CLANG_WARN_COMMA = YES;
				CLANG_WARN_CONSTANT_CONVERSION = YES;
				CLANG_WARN_DEPRECATED_OBJC_IMPLEMENTATIONS = YES;
				CLANG_WARN_DIRECT_OBJC_ISA_USAGE = YES_ERROR;
				CLANG_WARN_DOCUMENTATION_COMMENTS = YES;
				CLANG_WARN_EMPTY_BODY = YES;
				CLANG_WARN_ENUM_CONVERSION = YES;
				CLANG_WARN_INFINITE_RECURSION = YES;
				CLANG_WARN_INT_CONVERSION = YES;
				CLANG_WARN_NON_LITERAL_NULL_CONVERSION = YES;
				CLANG_WARN_OBJC_IMPLICIT_RETAIN_SELF = YES;
				CLANG_WARN_OBJC_LITERAL_CONVERSION = YES;
				CLANG_WARN_OBJC_ROOT_CLASS = YES_ERROR;
				CLANG_WARN_QUOTED_INCLUDE_IN_FRAMEWORK_HEADER = YES;
				CLANG_WARN_RANGE_LOOP_ANALYSIS = YES;
				CLANG_WARN_STRICT_PROTOTYPES = YES;
				CLANG_WARN_SUSPICIOUS_MOVE = YES;
				CLANG_WARN_UNGUARDED_AVAILABILITY = YES_AGGRESSIVE;
				CLANG_WARN_UNREACHABLE_CODE = YES;
				CLANG_WARN__DUPLICATE_METHOD_MATCH = YES;
				COPY_PHASE_STRIP = NO;
				DEBUG_INFORMATION_FORMAT = dwarf;
				ENABLE_STRICT_OBJC_MSGSEND = YES;
				ENABLE_TESTABILITY = YES;
				GCC_C_LANGUAGE_STANDARD = gnu11;
				GCC_DYNAMIC_NO_PIC = NO;
				GCC_NO_COMMON_BLOCKS = YES;
				GCC_OPTIMIZATION_LEVEL = 0;
				GCC_PREPROCESSOR_DEFINITIONS = (
					"DEBUG=1",
					"$(inherited)",
				);
				GCC_WARN_64_TO_32_BIT_CONVERSION = YES;
				GCC_WARN_ABOUT_RETURN_TYPE = YES_ERROR;
				GCC_WARN_UNDECLARED_SELECTOR = YES;
				GCC_WARN_UNINITIALIZED_AUTOS = YES_AGGRESSIVE;
				GCC_WARN_UNUSED_FUNCTION = YES;
				GCC_WARN_UNUSED_VARIABLE = YES;
				IPHONEOS_DEPLOYMENT_TARGET = 16.1;
				MTL_ENABLE_DEBUG_INFO = INCLUDE_SOURCE;
				MTL_FAST_MATH = YES;
				ONLY_ACTIVE_ARCH = YES;
				SDKROOT = iphoneos;
				SWIFT_ACTIVE_COMPILATION_CONDITIONS = DEBUG;
				SWIFT_OPTIMIZATION_LEVEL = "-Onone";
			};
			name = Debug;
		};
		7E5E87B4295DBFA800627FFF /* Release */ = {
			isa = XCBuildConfiguration;
			buildSettings = {
				ALWAYS_SEARCH_USER_PATHS = NO;
				CLANG_ANALYZER_NONNULL = YES;
				CLANG_ANALYZER_NUMBER_OBJECT_CONVERSION = YES_AGGRESSIVE;
				CLANG_CXX_LANGUAGE_STANDARD = "gnu++20";
				CLANG_ENABLE_MODULES = YES;
				CLANG_ENABLE_OBJC_ARC = YES;
				CLANG_ENABLE_OBJC_WEAK = YES;
				CLANG_WARN_BLOCK_CAPTURE_AUTORELEASING = YES;
				CLANG_WARN_BOOL_CONVERSION = YES;
				CLANG_WARN_COMMA = YES;
				CLANG_WARN_CONSTANT_CONVERSION = YES;
				CLANG_WARN_DEPRECATED_OBJC_IMPLEMENTATIONS = YES;
				CLANG_WARN_DIRECT_OBJC_ISA_USAGE = YES_ERROR;
				CLANG_WARN_DOCUMENTATION_COMMENTS = YES;
				CLANG_WARN_EMPTY_BODY = YES;
				CLANG_WARN_ENUM_CONVERSION = YES;
				CLANG_WARN_INFINITE_RECURSION = YES;
				CLANG_WARN_INT_CONVERSION = YES;
				CLANG_WARN_NON_LITERAL_NULL_CONVERSION = YES;
				CLANG_WARN_OBJC_IMPLICIT_RETAIN_SELF = YES;
				CLANG_WARN_OBJC_LITERAL_CONVERSION = YES;
				CLANG_WARN_OBJC_ROOT_CLASS = YES_ERROR;
				CLANG_WARN_QUOTED_INCLUDE_IN_FRAMEWORK_HEADER = YES;
				CLANG_WARN_RANGE_LOOP_ANALYSIS = YES;
				CLANG_WARN_STRICT_PROTOTYPES = YES;
				CLANG_WARN_SUSPICIOUS_MOVE = YES;
				CLANG_WARN_UNGUARDED_AVAILABILITY = YES_AGGRESSIVE;
				CLANG_WARN_UNREACHABLE_CODE = YES;
				CLANG_WARN__DUPLICATE_METHOD_MATCH = YES;
				COPY_PHASE_STRIP = NO;
				DEBUG_INFORMATION_FORMAT = "dwarf-with-dsym";
				ENABLE_NS_ASSERTIONS = NO;
				ENABLE_STRICT_OBJC_MSGSEND = YES;
				GCC_C_LANGUAGE_STANDARD = gnu11;
				GCC_NO_COMMON_BLOCKS = YES;
				GCC_WARN_64_TO_32_BIT_CONVERSION = YES;
				GCC_WARN_ABOUT_RETURN_TYPE = YES_ERROR;
				GCC_WARN_UNDECLARED_SELECTOR = YES;
				GCC_WARN_UNINITIALIZED_AUTOS = YES_AGGRESSIVE;
				GCC_WARN_UNUSED_FUNCTION = YES;
				GCC_WARN_UNUSED_VARIABLE = YES;
				IPHONEOS_DEPLOYMENT_TARGET = 16.1;
				MTL_ENABLE_DEBUG_INFO = NO;
				MTL_FAST_MATH = YES;
				SDKROOT = iphoneos;
				SWIFT_COMPILATION_MODE = wholemodule;
				SWIFT_OPTIMIZATION_LEVEL = "-O";
				VALIDATE_PRODUCT = YES;
			};
			name = Release;
		};
		7E5E87B6295DBFA800627FFF /* Debug */ = {
			isa = XCBuildConfiguration;
			buildSettings = {
				ASSETCATALOG_COMPILER_APPICON_NAME = AppIcon;
				ASSETCATALOG_COMPILER_GLOBAL_ACCENT_COLOR_NAME = AccentColor;
				CODE_SIGN_STYLE = Automatic;
				CURRENT_PROJECT_VERSION = 1;
				DEVELOPMENT_ASSET_PATHS = "\"CombineAuth/Preview Content\"";
				DEVELOPMENT_TEAM = 8T4FM95P3Q;
				ENABLE_PREVIEWS = YES;
				GENERATE_INFOPLIST_FILE = YES;
				INFOPLIST_KEY_UIApplicationSceneManifest_Generation = YES;
				INFOPLIST_KEY_UIApplicationSupportsIndirectInputEvents = YES;
				INFOPLIST_KEY_UILaunchScreen_Generation = YES;
				INFOPLIST_KEY_UISupportedInterfaceOrientations_iPad = "UIInterfaceOrientationPortrait UIInterfaceOrientationPortraitUpsideDown UIInterfaceOrientationLandscapeLeft UIInterfaceOrientationLandscapeRight";
				INFOPLIST_KEY_UISupportedInterfaceOrientations_iPhone = "UIInterfaceOrientationPortrait UIInterfaceOrientationLandscapeLeft UIInterfaceOrientationLandscapeRight";
				LD_RUNPATH_SEARCH_PATHS = (
					"$(inherited)",
					"@executable_path/Frameworks",
				);
				MARKETING_VERSION = 1.0;
				PRODUCT_BUNDLE_IDENTIFIER = lilleeash.CombineAuth;
				PRODUCT_NAME = "$(TARGET_NAME)";
				SWIFT_EMIT_LOC_STRINGS = YES;
				SWIFT_VERSION = 5.0;
				TARGETED_DEVICE_FAMILY = "1,2";
			};
			name = Debug;
		};
		7E5E87B7295DBFA800627FFF /* Release */ = {
			isa = XCBuildConfiguration;
			buildSettings = {
				ASSETCATALOG_COMPILER_APPICON_NAME = AppIcon;
				ASSETCATALOG_COMPILER_GLOBAL_ACCENT_COLOR_NAME = AccentColor;
				CODE_SIGN_STYLE = Automatic;
				CURRENT_PROJECT_VERSION = 1;
				DEVELOPMENT_ASSET_PATHS = "\"CombineAuth/Preview Content\"";
				DEVELOPMENT_TEAM = 8T4FM95P3Q;
				ENABLE_PREVIEWS = YES;
				GENERATE_INFOPLIST_FILE = YES;
				INFOPLIST_KEY_UIApplicationSceneManifest_Generation = YES;
				INFOPLIST_KEY_UIApplicationSupportsIndirectInputEvents = YES;
				INFOPLIST_KEY_UILaunchScreen_Generation = YES;
				INFOPLIST_KEY_UISupportedInterfaceOrientations_iPad = "UIInterfaceOrientationPortrait UIInterfaceOrientationPortraitUpsideDown UIInterfaceOrientationLandscapeLeft UIInterfaceOrientationLandscapeRight";
				INFOPLIST_KEY_UISupportedInterfaceOrientations_iPhone = "UIInterfaceOrientationPortrait UIInterfaceOrientationLandscapeLeft UIInterfaceOrientationLandscapeRight";
				LD_RUNPATH_SEARCH_PATHS = (
					"$(inherited)",
					"@executable_path/Frameworks",
				);
				MARKETING_VERSION = 1.0;
				PRODUCT_BUNDLE_IDENTIFIER = lilleeash.CombineAuth;
				PRODUCT_NAME = "$(TARGET_NAME)";
				SWIFT_EMIT_LOC_STRINGS = YES;
				SWIFT_VERSION = 5.0;
				TARGETED_DEVICE_FAMILY = "1,2";
			};
			name = Release;
		};
/* End XCBuildConfiguration section */

/* Begin XCConfigurationList section */
		7E5E87A2295DBFA700627FFF /* Build configuration list for PBXProject "CombineAuth" */ = {
			isa = XCConfigurationList;
			buildConfigurations = (
				7E5E87B3295DBFA800627FFF /* Debug */,
				7E5E87B4295DBFA800627FFF /* Release */,
			);
			defaultConfigurationIsVisible = 0;
			defaultConfigurationName = Release;
		};
		7E5E87B5295DBFA800627FFF /* Build configuration list for PBXNativeTarget "CombineAuth" */ = {
			isa = XCConfigurationList;
			buildConfigurations = (
				7E5E87B6295DBFA800627FFF /* Debug */,
				7E5E87B7295DBFA800627FFF /* Release */,
			);
			defaultConfigurationIsVisible = 0;
			defaultConfigurationName = Release;
		};
/* End XCConfigurationList section */
	};
	rootObject = 7E5E879F295DBFA700627FFF /* Project object */;
}
